<?xml version="1.0" encoding="utf-8"?>
<Project ToolsVersion="4.0" xmlns="http://schemas.microsoft.com/developer/msbuild/2003">
  <ItemGroup>
    <Filter Include="Source Files">
      <UniqueIdentifier>{4FC737F1-C7A5-4376-A066-2A32D752A2FF}</UniqueIdentifier>
      <Extensions>cpp;c;cc;cxx;c++;cppm;ixx;def;odl;idl;hpj;bat;asm;asmx</Extensions>
    </Filter>
    <Filter Include="Header Files">
      <UniqueIdentifier>{93995380-89BD-4b04-88EB-625FBE52EBFB}</UniqueIdentifier>
      <Extensions>h;hh;hpp;hxx;h++;hm;inl;inc;ipp;xsd</Extensions>
    </Filter>
    <Filter Include="Resource Files">
      <UniqueIdentifier>{67DA6AB6-F800-4c08-8B7A-83BB121AAD01}</UniqueIdentifier>
      <Extensions>rc;ico;cur;bmp;dlg;rc2;rct;bin;rgs;gif;jpg;jpeg;jpe;resx;tiff;tif;png;wav;mfcribbon-ms</Extensions>
    </Filter>
  </ItemGroup>
  <ItemGroup>
    <ClInclude Include="Inc\AccessManager.h">
      <Filter>Header Files</Filter>
    </ClInclude>
    <ClInclude Include="Inc\Admin.h">
      <Filter>Header Files</Filter>
    </ClInclude>
    <ClInclude Include="Inc\CafeteriaManager.h">
      <Filter>Header Files</Filter>
    </ClInclude>
    <ClInclude Include="Inc\Chef.h">
      <Filter>Header Files</Filter>
    </ClInclude>
    <ClInclude Include="Inc\Client.h">
      <Filter>Header Files</Filter>
    </ClInclude>
    <ClInclude Include="Inc\Employee.h">
      <Filter>Header Files</Filter>
    </ClInclude>
    <ClInclude Include="Inc\User.h">
      <Filter>Header Files</Filter>
    </ClInclude>
    <ClInclude Include="Inc\RecommendationEngine.h">
      <Filter>Header Files</Filter>
    </ClInclude>
    <ClInclude Include="Inc\Feedback.h">
      <Filter>Header Files</Filter>
    </ClInclude>
    <ClInclude Include="Inc\FoodItem.h">
      <Filter>Header Files</Filter>
    </ClInclude>
    <ClInclude Include="Inc\Utility.h">
      <Filter>Header Files</Filter>
    </ClInclude>
  </ItemGroup>
  <ItemGroup>
    <ClCompile Include="src\AccessManger.cpp">
      <Filter>Source Files</Filter>
    </ClCompile>
    <ClCompile Include="src\Admin.cpp">
      <Filter>Source Files</Filter>
    </ClCompile>
    <ClCompile Include="src\Chef.cpp">
      <Filter>Source Files</Filter>
    </ClCompile>
    <ClCompile Include="src\Client.cpp">
      <Filter>Source Files</Filter>
    </ClCompile>
    <ClCompile Include="src\Employeee.cpp">
      <Filter>Source Files</Filter>
    </ClCompile>
    <ClCompile Include="src\main.cpp">
      <Filter>Source Files</Filter>
    </ClCompile>
    <ClCompile Include="src\Feedback.cpp">
      <Filter>Source Files</Filter>
    </ClCompile>
    <ClCompile Include="src\RecommendationEngine.cpp">
      <Filter>Source Files</Filter>
    </ClCompile>
    <ClCompile Include="src\FoodItem.cpp">
      <Filter>Source Files</Filter>
    </ClCompile>
    <ClCompile Include="src\Utility.cpp">
      <Filter>Source Files</Filter>
    </ClCompile>
    <ClCompile Include="src\User.cpp">
      <Filter>Source Files</Filter>
    </ClCompile>
  </ItemGroup>
</Project>